
Microsoft Visual Studio Solution File, Format Version 12.00
# Visual Studio Version 16
VisualStudioVersion = 16.0.32602.291
MinimumVisualStudioVersion = 10.0.40219.1
Project("{FAE04EC0-301F-11D3-BF4B-00C04F79EFBC}") = "Acotma API", "Acotma API.csproj", "{748E188A-487B-4861-8DB5-8840C30852EC}"
EndProject
Global
	GlobalSection(SolutionConfigurationPlatforms) = preSolution
		Debug|Any CPU = Debug|Any CPU
		Release|Any CPU = Release|Any CPU
	EndGlobalSection
	GlobalSection(ProjectConfigurationPlatforms) = postSolution
		{748E188A-487B-4861-8DB5-8840C30852EC}.Debug|Any CPU.ActiveCfg = Debug|Any CPU
		{748E188A-487B-4861-8DB5-8840C30852EC}.Debug|Any CPU.Build.0 = Debug|Any CPU
		{748E188A-487B-4861-8DB5-8840C30852EC}.Release|Any CPU.ActiveCfg = Release|Any CPU
		{748E188A-487B-4861-8DB5-8840C30852EC}.Release|Any CPU.Build.0 = Release|Any CPU
	EndGlobalSection
	GlobalSection(SolutionProperties) = preSolution
		HideSolutionNode = FALSE
	EndGlobalSection
	GlobalSection(ExtensibilityGlobals) = postSolution
		SolutionGuid = {FB69C649-F853-40DC-8EF9-791DA43A0DDE}
	EndGlobalSection
EndGlobal
